
Microsoft Visual Studio Solution File, Format Version 12.00
# Visual Studio Version 17
VisualStudioVersion = 17.2.32616.157
MinimumVisualStudioVersion = 10.0.40219.1
Project("{FAE04EC0-301F-11D3-BF4B-00C04F79EFBC}") = "prova2", "prova2\prova2.csproj", "{BF871CCF-2138-4EA0-AC3F-0EA9408CD7B7}"
EndProject
Global
	GlobalSection(SolutionConfigurationPlatforms) = preSolution
		Debug|Any CPU = Debug|Any CPU
		Release|Any CPU = Release|Any CPU
	EndGlobalSection
	GlobalSection(ProjectConfigurationPlatforms) = postSolution
		{BF871CCF-2138-4EA0-AC3F-0EA9408CD7B7}.Debug|Any CPU.ActiveCfg = Debug|Any CPU
		{BF871CCF-2138-4EA0-AC3F-0EA9408CD7B7}.Debug|Any CPU.Build.0 = Debug|Any CPU
		{BF871CCF-2138-4EA0-AC3F-0EA9408CD7B7}.Release|Any CPU.ActiveCfg = Release|Any CPU
		{BF871CCF-2138-4EA0-AC3F-0EA9408CD7B7}.Release|Any CPU.Build.0 = Release|Any CPU
	EndGlobalSection
	GlobalSection(SolutionProperties) = preSolution
		HideSolutionNode = FALSE
	EndGlobalSection
	GlobalSection(ExtensibilityGlobals) = postSolution
		SolutionGuid = {161D06E1-43A2-4E38-9C9A-62DC6A4C06A9}
	EndGlobalSection
EndGlobal
